
Microsoft Visual Studio Solution File, Format Version 12.00
# Visual Studio Version 16
VisualStudioVersion = 16.0.29920.165
MinimumVisualStudioVersion = 10.0.40219.1
Project("{FAE04EC0-301F-11D3-BF4B-00C04F79EFBC}") = "Cap4Exercicio2", "Cap4Exercicio2\Cap4Exercicio2.csproj", "{741C30B1-6082-40AD-9490-BF2CE313F170}"
EndProject
Global
	GlobalSection(SolutionConfigurationPlatforms) = preSolution
		Debug|Any CPU = Debug|Any CPU
		Release|Any CPU = Release|Any CPU
	EndGlobalSection
	GlobalSection(ProjectConfigurationPlatforms) = postSolution
		{741C30B1-6082-40AD-9490-BF2CE313F170}.Debug|Any CPU.ActiveCfg = Debug|Any CPU
		{741C30B1-6082-40AD-9490-BF2CE313F170}.Debug|Any CPU.Build.0 = Debug|Any CPU
		{741C30B1-6082-40AD-9490-BF2CE313F170}.Release|Any CPU.ActiveCfg = Release|Any CPU
		{741C30B1-6082-40AD-9490-BF2CE313F170}.Release|Any CPU.Build.0 = Release|Any CPU
	EndGlobalSection
	GlobalSection(SolutionProperties) = preSolution
		HideSolutionNode = FALSE
	EndGlobalSection
	GlobalSection(ExtensibilityGlobals) = postSolution
		SolutionGuid = {FDE3C4A2-A8ED-4C19-8802-CEB06042FA88}
	EndGlobalSection
EndGlobal
